# This file is automatically @generated by Cargo.
# It is not intended for manual editing.
version = 4

[[package]]
name = "nyx-minidump-assembler"
version = "0.2.0"

[[package]]
name = "nyx-operator-kernel-cli"
version = "0.2.0"
dependencies = [
 "nyx-minidump-assembler",
 "nyx-operator-kernelsdk",
]

[[package]]
name = "nyx-operator-kernelsdk"
version = "0.0.1"
